
Microsoft Visual Studio Solution File, Format Version 12.00
# Visual Studio Version 16
VisualStudioVersion = 16.0.32106.194
MinimumVisualStudioVersion = 10.0.40219.1
Project("{FAE04EC0-301F-11D3-BF4B-00C04F79EFBC}") = "TradingComapny", "TradingComapny\TradingComapny.csproj", "{7CD1D992-E092-4A20-8BF2-475E015D8403}"
EndProject
Project("{F14B399A-7131-4C87-9E4B-1186C45EF12D}") = "Reports", "Reports\Reports.rptproj", "{9FF9D55B-9172-484B-A112-EDB5D0BE817D}"
EndProject
Global
	GlobalSection(SolutionConfigurationPlatforms) = preSolution
		Debug|Any CPU = Debug|Any CPU
		DebugLocal|Any CPU = DebugLocal|Any CPU
		Release|Any CPU = Release|Any CPU
	EndGlobalSection
	GlobalSection(ProjectConfigurationPlatforms) = postSolution
		{7CD1D992-E092-4A20-8BF2-475E015D8403}.Debug|Any CPU.ActiveCfg = Debug|Any CPU
		{7CD1D992-E092-4A20-8BF2-475E015D8403}.Debug|Any CPU.Build.0 = Debug|Any CPU
		{7CD1D992-E092-4A20-8BF2-475E015D8403}.DebugLocal|Any CPU.ActiveCfg = Debug|Any CPU
		{7CD1D992-E092-4A20-8BF2-475E015D8403}.DebugLocal|Any CPU.Build.0 = Debug|Any CPU
		{7CD1D992-E092-4A20-8BF2-475E015D8403}.Release|Any CPU.ActiveCfg = Release|Any CPU
		{7CD1D992-E092-4A20-8BF2-475E015D8403}.Release|Any CPU.Build.0 = Release|Any CPU
		{9FF9D55B-9172-484B-A112-EDB5D0BE817D}.Debug|Any CPU.ActiveCfg = Debug
		{9FF9D55B-9172-484B-A112-EDB5D0BE817D}.Debug|Any CPU.Build.0 = Debug
		{9FF9D55B-9172-484B-A112-EDB5D0BE817D}.Debug|Any CPU.Deploy.0 = Debug
		{9FF9D55B-9172-484B-A112-EDB5D0BE817D}.DebugLocal|Any CPU.ActiveCfg = DebugLocal
		{9FF9D55B-9172-484B-A112-EDB5D0BE817D}.DebugLocal|Any CPU.Build.0 = DebugLocal
		{9FF9D55B-9172-484B-A112-EDB5D0BE817D}.Release|Any CPU.ActiveCfg = Release
		{9FF9D55B-9172-484B-A112-EDB5D0BE817D}.Release|Any CPU.Build.0 = Release
		{9FF9D55B-9172-484B-A112-EDB5D0BE817D}.Release|Any CPU.Deploy.0 = Release
	EndGlobalSection
	GlobalSection(SolutionProperties) = preSolution
		HideSolutionNode = FALSE
	EndGlobalSection
	GlobalSection(ExtensibilityGlobals) = postSolution
		SolutionGuid = {8CF31C27-A081-4221-84FD-E96FB71E50BB}
	EndGlobalSection
EndGlobal
